
Microsoft Visual Studio Solution File, Format Version 12.00
Project("{FAE04EC0-301F-11D3-BF4B-00C04F79EFBC}") = "UI1", "UI1.csproj", "{C0C98802-DC7F-4EE3-BB12-D4708F828A48}"
EndProject
Global
	GlobalSection(SolutionConfigurationPlatforms) = preSolution
		Debug|Any CPU = Debug|Any CPU
		Release|Any CPU = Release|Any CPU
	EndGlobalSection
	GlobalSection(ProjectConfigurationPlatforms) = postSolution
		{C0C98802-DC7F-4EE3-BB12-D4708F828A48}.Debug|Any CPU.ActiveCfg = Debug|Any CPU
		{C0C98802-DC7F-4EE3-BB12-D4708F828A48}.Debug|Any CPU.Build.0 = Debug|Any CPU
		{C0C98802-DC7F-4EE3-BB12-D4708F828A48}.Release|Any CPU.ActiveCfg = Release|Any CPU
		{C0C98802-DC7F-4EE3-BB12-D4708F828A48}.Release|Any CPU.Build.0 = Release|Any CPU
	EndGlobalSection
EndGlobal
